{
  "name": "nativescript-twitter-custom",
  "version": "2.0.0",
  "lockfileVersion": 1,
  "requires": true,
  "dependencies": {
    "tns-core-modules": {
      "version": "6.0.1",
      "resolved": "https://registry.npmjs.org/tns-core-modules/-/tns-core-modules-6.0.1.tgz",
      "integrity": "sha512-XC4tOTQsQ5jS6bwa2xi49UVtz6bx/PMXzQB5ur0oFYBBxxBhJtK78pASDA9TZ3/yCMliJR7q7IXdxyk48JMM+A==",
      "dev": true,
      "requires": {
        "tns-core-modules-widgets": "6.0.1",
        "tslib": "^1.9.3"
      }
    },
    "tns-core-modules-widgets": {
      "version": "6.0.1",
      "resolved": "https://registry.npmjs.org/tns-core-modules-widgets/-/tns-core-modules-widgets-6.0.1.tgz",
      "integrity": "sha512-+LzBItqG0K2FN5WrJRVQI/+X7ac9IU8g34hr9aOi9NkdmjodS3TwKeU+cEKnQjn/HV3R4t3D/Bjlf8P8RX7gBw==",
      "dev": true
    },
    "tns-platform-declarations": {
      "version": "6.0.1",
      "resolved": "https://registry.npmjs.org/tns-platform-declarations/-/tns-platform-declarations-6.0.1.tgz",
      "integrity": "sha512-yHkmCikDGjZsPg9G8jBFgj3A/U8YGrHkKN4wG/X7OUBSKhB2D5UQDI1XsY7JLzoKGMCG81G8Sh5uDejWVhUQ8Q==",
      "dev": true
    },
    "tslib": {
      "version": "1.10.0",
      "resolved": "https://registry.npmjs.org/tslib/-/tslib-1.10.0.tgz",
      "integrity": "sha512-qOebF53frne81cf0S9B41ByenJ3/IuH8yJKngAX35CmiZySA0khhkovshKK+jGCaMnVomla7gVlIcc3EvKPbTQ==",
      "dev": true
    },
    "typescript": {
      "version": "3.5.3",
      "resolved": "https://registry.npmjs.org/typescript/-/typescript-3.5.3.tgz",
      "integrity": "sha512-ACzBtm/PhXBDId6a6sDJfroT2pOWt/oOnk4/dElG5G33ZL776N3Y6/6bKZJBFpd+b05F3Ct9qDjMeJmRWtE2/g==",
      "dev": true
    }
  }
}
